// !$*UTF8*$!
{
	archiveVersion = 1;
	classes = {
	};
	objectVersion = 55;
	objects = {

/* Begin PBXGroup section */
		3DBF9D8C2897EA0C00BC57D3 = {
			isa = PBXGroup;
			children = (
			);
			sourceTree = "<group>";
		};
/* End PBXGroup section */

/* Begin PBXProject section */
		3DBF9D8D2897EA0C00BC57D3 /* Project object */ = {
			isa = PBXProject;
			attributes = {
				BuildIndependentTargetsInParallel = 1;
				LastUpgradeCheck = 1340;
			};
			buildConfigurationList = 3DBF9D902897EA0C00BC57D3 /* Build configuration list for PBXProject "ipc" */;
			compatibilityVersion = "Xcode 13.0";
			developmentRegion = en;
			hasScannedForEncodings = 0;
			knownRegions = (
				en,
				Base,
			);
			mainGroup = 3DBF9D8C2897EA0C00BC57D3;
			projectDirPath = "";
			projectRoot = "";
			targets = (
			);
		};
/* End PBXProject section */

/* Begin XCBuildConfiguration section */
		3DBF9D912897EA0C00BC57D3 /* Debug */ = {
			isa = XCBuildConfiguration;
			buildSettings = {
			};
			name = Debug;
		};
		3DBF9D922897EA0C00BC57D3 /* Release */ = {
			isa = XCBuildConfiguration;
			buildSettings = {
			};
			name = Release;
		};
/* End XCBuildConfiguration section */

/* Begin XCConfigurationList section */
		3DBF9D902897EA0C00BC57D3 /* Build configuration list for PBXProject "ipc" */ = {
			isa = XCConfigurationList;
			buildConfigurations = (
				3DBF9D912897EA0C00BC57D3 /* Debug */,
				3DBF9D922897EA0C00BC57D3 /* Release */,
			);
			defaultConfigurationIsVisible = 0;
			defaultConfigurationName = Release;
		};
/* End XCConfigurationList section */
	};
	rootObject = 3DBF9D8D2897EA0C00BC57D3 /* Project object */;
}
